# generated by rye
# use `rye lock` or `rye sync` to update this lockfile
#
# last locked with the following flags:
#   pre: false
#   features: []
#   all-features: false
#   with-sources: false

-e file:.
certifi==2024.2.2
    # via requests
charset-normalizer==3.3.2
    # via requests
ibapi @ file:///home/ryan/app/staging/lib/ibkr
    # via hedgepy
idna==3.6
    # via requests
psycopg==3.1.18
    # via hedgepy
    # via psycopg
psycopg-binary==3.1.18
    # via psycopg
psycopg-pool==3.2.1
    # via psycopg
python-dotenv==1.0.1
    # via hedgepy
requests==2.31.0
    # via hedgepy
typing-extensions==4.9.0
    # via psycopg
    # via psycopg-pool
urllib3==2.2.0
    # via requests
pip==24.0
    # via hedgepy
